
Microsoft Visual Studio Solution File, Format Version 12.00
# Visual Studio 14
VisualStudioVersion = 14.0.24720.0
MinimumVisualStudioVersion = 10.0.40219.1
Project("{FAE04EC0-301F-11D3-BF4B-00C04F79EFBC}") = "InterfazDesktop", "InterfazDesktop\InterfazDesktop.csproj", "{0D49C9FC-C31E-4C7C-A14E-00739DA1C357}"
EndProject
Project("{FAE04EC0-301F-11D3-BF4B-00C04F79EFBC}") = "Wiri", "Wiri\Wiri.csproj", "{C79DA343-67A4-42AB-AC0A-75245C43D165}"
EndProject
Project("{FAE04EC0-301F-11D3-BF4B-00C04F79EFBC}") = "WebApp", "WebApp\WebApp.csproj", "{B7393AC4-04F0-4B8E-A2D0-57BDD5554FBA}"
EndProject
Project("{FAE04EC0-301F-11D3-BF4B-00C04F79EFBC}") = "InterfazAndroid", "InterfazAndroid\InterfazAndroid.csproj", "{21E43C4A-7939-465F-BD0B-1C451179A284}"
EndProject
Project("{FAE04EC0-301F-11D3-BF4B-00C04F79EFBC}") = "WiriMovil", "WiriMovil\WiriMovil.csproj", "{67F9D3A8-F71E-4428-913F-C37AE82CDB24}"
EndProject
Project("{FAE04EC0-301F-11D3-BF4B-00C04F79EFBC}") = "InterfazMovil.Droid", "InterfazMovil\InterfazMovil.Droid\InterfazMovil.Droid.csproj", "{F0E11E4E-A837-4A3D-9EF6-8DF833E52BAC}"
EndProject
Project("{FAE04EC0-301F-11D3-BF4B-00C04F79EFBC}") = "InterfazMovil.iOS", "InterfazMovil\InterfazMovil.iOS\InterfazMovil.iOS.csproj", "{222577EE-BE35-47F5-850D-2A529FCA0931}"
EndProject
Project("{D954291E-2A0B-460D-934E-DC6B0785DB48}") = "InterfazMovil", "InterfazMovil\InterfazMovil\InterfazMovil.shproj", "{69DED839-DFBA-4E9A-A2AA-DA6FF84320D9}"
EndProject
Global
	GlobalSection(SharedMSBuildProjectFiles) = preSolution
		InterfazMovil\InterfazMovil\InterfazMovil.projitems*{222577ee-be35-47f5-850d-2a529fca0931}*SharedItemsImports = 4
		InterfazMovil\InterfazMovil\InterfazMovil.projitems*{f0e11e4e-a837-4a3d-9ef6-8df833e52bac}*SharedItemsImports = 4
		InterfazMovil\InterfazMovil\InterfazMovil.projitems*{69ded839-dfba-4e9a-a2aa-da6ff84320d9}*SharedItemsImports = 13
	EndGlobalSection
	GlobalSection(SolutionConfigurationPlatforms) = preSolution
		Ad-Hoc|Any CPU = Ad-Hoc|Any CPU
		Ad-Hoc|iPhone = Ad-Hoc|iPhone
		Ad-Hoc|iPhoneSimulator = Ad-Hoc|iPhoneSimulator
		Ad-Hoc|Mixed Platforms = Ad-Hoc|Mixed Platforms
		AppStore|Any CPU = AppStore|Any CPU
		AppStore|iPhone = AppStore|iPhone
		AppStore|iPhoneSimulator = AppStore|iPhoneSimulator
		AppStore|Mixed Platforms = AppStore|Mixed Platforms
		Debug|Any CPU = Debug|Any CPU
		Debug|iPhone = Debug|iPhone
		Debug|iPhoneSimulator = Debug|iPhoneSimulator
		Debug|Mixed Platforms = Debug|Mixed Platforms
		Release|Any CPU = Release|Any CPU
		Release|iPhone = Release|iPhone
		Release|iPhoneSimulator = Release|iPhoneSimulator
		Release|Mixed Platforms = Release|Mixed Platforms
	EndGlobalSection
	GlobalSection(ProjectConfigurationPlatforms) = postSolution
		{0D49C9FC-C31E-4C7C-A14E-00739DA1C357}.Ad-Hoc|Any CPU.ActiveCfg = Release|Any CPU
		{0D49C9FC-C31E-4C7C-A14E-00739DA1C357}.Ad-Hoc|Any CPU.Build.0 = Release|Any CPU
		{0D49C9FC-C31E-4C7C-A14E-00739DA1C357}.Ad-Hoc|iPhone.ActiveCfg = Release|Any CPU
		{0D49C9FC-C31E-4C7C-A14E-00739DA1C357}.Ad-Hoc|iPhoneSimulator.ActiveCfg = Release|Any CPU
		{0D49C9FC-C31E-4C7C-A14E-00739DA1C357}.Ad-Hoc|Mixed Platforms.ActiveCfg = Release|Any CPU
		{0D49C9FC-C31E-4C7C-A14E-00739DA1C357}.Ad-Hoc|Mixed Platforms.Build.0 = Release|Any CPU
		{0D49C9FC-C31E-4C7C-A14E-00739DA1C357}.AppStore|Any CPU.ActiveCfg = Release|Any CPU
		{0D49C9FC-C31E-4C7C-A14E-00739DA1C357}.AppStore|Any CPU.Build.0 = Release|Any CPU
		{0D49C9FC-C31E-4C7C-A14E-00739DA1C357}.AppStore|iPhone.ActiveCfg = Release|Any CPU
		{0D49C9FC-C31E-4C7C-A14E-00739DA1C357}.AppStore|iPhoneSimulator.ActiveCfg = Release|Any CPU
		{0D49C9FC-C31E-4C7C-A14E-00739DA1C357}.AppStore|Mixed Platforms.ActiveCfg = Release|Any CPU
		{0D49C9FC-C31E-4C7C-A14E-00739DA1C357}.AppStore|Mixed Platforms.Build.0 = Release|Any CPU
		{0D49C9FC-C31E-4C7C-A14E-00739DA1C357}.Debug|Any CPU.ActiveCfg = Debug|Any CPU
		{0D49C9FC-C31E-4C7C-A14E-00739DA1C357}.Debug|Any CPU.Build.0 = Debug|Any CPU
		{0D49C9FC-C31E-4C7C-A14E-00739DA1C357}.Debug|iPhone.ActiveCfg = Debug|Any CPU
		{0D49C9FC-C31E-4C7C-A14E-00739DA1C357}.Debug|iPhoneSimulator.ActiveCfg = Debug|Any CPU
		{0D49C9FC-C31E-4C7C-A14E-00739DA1C357}.Debug|Mixed Platforms.ActiveCfg = Debug|Any CPU
		{0D49C9FC-C31E-4C7C-A14E-00739DA1C357}.Debug|Mixed Platforms.Build.0 = Debug|Any CPU
		{0D49C9FC-C31E-4C7C-A14E-00739DA1C357}.Release|Any CPU.ActiveCfg = Release|Any CPU
		{0D49C9FC-C31E-4C7C-A14E-00739DA1C357}.Release|Any CPU.Build.0 = Release|Any CPU
		{0D49C9FC-C31E-4C7C-A14E-00739DA1C357}.Release|iPhone.ActiveCfg = Release|Any CPU
		{0D49C9FC-C31E-4C7C-A14E-00739DA1C357}.Release|iPhoneSimulator.ActiveCfg = Release|Any CPU
		{0D49C9FC-C31E-4C7C-A14E-00739DA1C357}.Release|Mixed Platforms.ActiveCfg = Release|Any CPU
		{0D49C9FC-C31E-4C7C-A14E-00739DA1C357}.Release|Mixed Platforms.Build.0 = Release|Any CPU
		{C79DA343-67A4-42AB-AC0A-75245C43D165}.Ad-Hoc|Any CPU.ActiveCfg = Release|Any CPU
		{C79DA343-67A4-42AB-AC0A-75245C43D165}.Ad-Hoc|Any CPU.Build.0 = Release|Any CPU
		{C79DA343-67A4-42AB-AC0A-75245C43D165}.Ad-Hoc|iPhone.ActiveCfg = Release|Any CPU
		{C79DA343-67A4-42AB-AC0A-75245C43D165}.Ad-Hoc|iPhoneSimulator.ActiveCfg = Release|Any CPU
		{C79DA343-67A4-42AB-AC0A-75245C43D165}.Ad-Hoc|Mixed Platforms.ActiveCfg = Release|Any CPU
		{C79DA343-67A4-42AB-AC0A-75245C43D165}.Ad-Hoc|Mixed Platforms.Build.0 = Release|Any CPU
		{C79DA343-67A4-42AB-AC0A-75245C43D165}.AppStore|Any CPU.ActiveCfg = Release|Any CPU
		{C79DA343-67A4-42AB-AC0A-75245C43D165}.AppStore|Any CPU.Build.0 = Release|Any CPU
		{C79DA343-67A4-42AB-AC0A-75245C43D165}.AppStore|iPhone.ActiveCfg = Release|Any CPU
		{C79DA343-67A4-42AB-AC0A-75245C43D165}.AppStore|iPhoneSimulator.ActiveCfg = Release|Any CPU
		{C79DA343-67A4-42AB-AC0A-75245C43D165}.AppStore|Mixed Platforms.ActiveCfg = Release|Any CPU
		{C79DA343-67A4-42AB-AC0A-75245C43D165}.AppStore|Mixed Platforms.Build.0 = Release|Any CPU
		{C79DA343-67A4-42AB-AC0A-75245C43D165}.Debug|Any CPU.ActiveCfg = Debug|Any CPU
		{C79DA343-67A4-42AB-AC0A-75245C43D165}.Debug|Any CPU.Build.0 = Debug|Any CPU
		{C79DA343-67A4-42AB-AC0A-75245C43D165}.Debug|iPhone.ActiveCfg = Debug|Any CPU
		{C79DA343-67A4-42AB-AC0A-75245C43D165}.Debug|iPhoneSimulator.ActiveCfg = Debug|Any CPU
		{C79DA343-67A4-42AB-AC0A-75245C43D165}.Debug|Mixed Platforms.ActiveCfg = Debug|Any CPU
		{C79DA343-67A4-42AB-AC0A-75245C43D165}.Debug|Mixed Platforms.Build.0 = Debug|Any CPU
		{C79DA343-67A4-42AB-AC0A-75245C43D165}.Release|Any CPU.ActiveCfg = Release|Any CPU
		{C79DA343-67A4-42AB-AC0A-75245C43D165}.Release|Any CPU.Build.0 = Release|Any CPU
		{C79DA343-67A4-42AB-AC0A-75245C43D165}.Release|iPhone.ActiveCfg = Release|Any CPU
		{C79DA343-67A4-42AB-AC0A-75245C43D165}.Release|iPhoneSimulator.ActiveCfg = Release|Any CPU
		{C79DA343-67A4-42AB-AC0A-75245C43D165}.Release|Mixed Platforms.ActiveCfg = Release|Any CPU
		{C79DA343-67A4-42AB-AC0A-75245C43D165}.Release|Mixed Platforms.Build.0 = Release|Any CPU
		{B7393AC4-04F0-4B8E-A2D0-57BDD5554FBA}.Ad-Hoc|Any CPU.ActiveCfg = Release|Any CPU
		{B7393AC4-04F0-4B8E-A2D0-57BDD5554FBA}.Ad-Hoc|Any CPU.Build.0 = Release|Any CPU
		{B7393AC4-04F0-4B8E-A2D0-57BDD5554FBA}.Ad-Hoc|iPhone.ActiveCfg = Release|Any CPU
		{B7393AC4-04F0-4B8E-A2D0-57BDD5554FBA}.Ad-Hoc|iPhoneSimulator.ActiveCfg = Release|Any CPU
		{B7393AC4-04F0-4B8E-A2D0-57BDD5554FBA}.Ad-Hoc|Mixed Platforms.ActiveCfg = Release|Any CPU
		{B7393AC4-04F0-4B8E-A2D0-57BDD5554FBA}.Ad-Hoc|Mixed Platforms.Build.0 = Release|Any CPU
		{B7393AC4-04F0-4B8E-A2D0-57BDD5554FBA}.AppStore|Any CPU.ActiveCfg = Release|Any CPU
		{B7393AC4-04F0-4B8E-A2D0-57BDD5554FBA}.AppStore|Any CPU.Build.0 = Release|Any CPU
		{B7393AC4-04F0-4B8E-A2D0-57BDD5554FBA}.AppStore|iPhone.ActiveCfg = Release|Any CPU
		{B7393AC4-04F0-4B8E-A2D0-57BDD5554FBA}.AppStore|iPhoneSimulator.ActiveCfg = Release|Any CPU
		{B7393AC4-04F0-4B8E-A2D0-57BDD5554FBA}.AppStore|Mixed Platforms.ActiveCfg = Release|Any CPU
		{B7393AC4-04F0-4B8E-A2D0-57BDD5554FBA}.AppStore|Mixed Platforms.Build.0 = Release|Any CPU
		{B7393AC4-04F0-4B8E-A2D0-57BDD5554FBA}.Debug|Any CPU.ActiveCfg = Debug|Any CPU
		{B7393AC4-04F0-4B8E-A2D0-57BDD5554FBA}.Debug|Any CPU.Build.0 = Debug|Any CPU
		{B7393AC4-04F0-4B8E-A2D0-57BDD5554FBA}.Debug|iPhone.ActiveCfg = Debug|Any CPU
		{B7393AC4-04F0-4B8E-A2D0-57BDD5554FBA}.Debug|iPhoneSimulator.ActiveCfg = Debug|Any CPU
		{B7393AC4-04F0-4B8E-A2D0-57BDD5554FBA}.Debug|Mixed Platforms.ActiveCfg = Debug|Any CPU
		{B7393AC4-04F0-4B8E-A2D0-57BDD5554FBA}.Debug|Mixed Platforms.Build.0 = Debug|Any CPU
		{B7393AC4-04F0-4B8E-A2D0-57BDD5554FBA}.Release|Any CPU.ActiveCfg = Release|Any CPU
		{B7393AC4-04F0-4B8E-A2D0-57BDD5554FBA}.Release|Any CPU.Build.0 = Release|Any CPU
		{B7393AC4-04F0-4B8E-A2D0-57BDD5554FBA}.Release|iPhone.ActiveCfg = Release|Any CPU
		{B7393AC4-04F0-4B8E-A2D0-57BDD5554FBA}.Release|iPhoneSimulator.ActiveCfg = Release|Any CPU
		{B7393AC4-04F0-4B8E-A2D0-57BDD5554FBA}.Release|Mixed Platforms.ActiveCfg = Release|Any CPU
		{B7393AC4-04F0-4B8E-A2D0-57BDD5554FBA}.Release|Mixed Platforms.Build.0 = Release|Any CPU
		{21E43C4A-7939-465F-BD0B-1C451179A284}.Ad-Hoc|Any CPU.ActiveCfg = Release|Any CPU
		{21E43C4A-7939-465F-BD0B-1C451179A284}.Ad-Hoc|Any CPU.Build.0 = Release|Any CPU
		{21E43C4A-7939-465F-BD0B-1C451179A284}.Ad-Hoc|Any CPU.Deploy.0 = Release|Any CPU
		{21E43C4A-7939-465F-BD0B-1C451179A284}.Ad-Hoc|iPhone.ActiveCfg = Release|Any CPU
		{21E43C4A-7939-465F-BD0B-1C451179A284}.Ad-Hoc|iPhone.Build.0 = Release|Any CPU
		{21E43C4A-7939-465F-BD0B-1C451179A284}.Ad-Hoc|iPhone.Deploy.0 = Release|Any CPU
		{21E43C4A-7939-465F-BD0B-1C451179A284}.Ad-Hoc|iPhoneSimulator.ActiveCfg = Release|Any CPU
		{21E43C4A-7939-465F-BD0B-1C451179A284}.Ad-Hoc|iPhoneSimulator.Build.0 = Release|Any CPU
		{21E43C4A-7939-465F-BD0B-1C451179A284}.Ad-Hoc|iPhoneSimulator.Deploy.0 = Release|Any CPU
		{21E43C4A-7939-465F-BD0B-1C451179A284}.Ad-Hoc|Mixed Platforms.ActiveCfg = Release|Any CPU
		{21E43C4A-7939-465F-BD0B-1C451179A284}.Ad-Hoc|Mixed Platforms.Build.0 = Release|Any CPU
		{21E43C4A-7939-465F-BD0B-1C451179A284}.Ad-Hoc|Mixed Platforms.Deploy.0 = Release|Any CPU
		{21E43C4A-7939-465F-BD0B-1C451179A284}.AppStore|Any CPU.ActiveCfg = Release|Any CPU
		{21E43C4A-7939-465F-BD0B-1C451179A284}.AppStore|Any CPU.Build.0 = Release|Any CPU
		{21E43C4A-7939-465F-BD0B-1C451179A284}.AppStore|Any CPU.Deploy.0 = Release|Any CPU
		{21E43C4A-7939-465F-BD0B-1C451179A284}.AppStore|iPhone.ActiveCfg = Release|Any CPU
		{21E43C4A-7939-465F-BD0B-1C451179A284}.AppStore|iPhone.Build.0 = Release|Any CPU
		{21E43C4A-7939-465F-BD0B-1C451179A284}.AppStore|iPhone.Deploy.0 = Release|Any CPU
		{21E43C4A-7939-465F-BD0B-1C451179A284}.AppStore|iPhoneSimulator.ActiveCfg = Release|Any CPU
		{21E43C4A-7939-465F-BD0B-1C451179A284}.AppStore|iPhoneSimulator.Build.0 = Release|Any CPU
		{21E43C4A-7939-465F-BD0B-1C451179A284}.AppStore|iPhoneSimulator.Deploy.0 = Release|Any CPU
		{21E43C4A-7939-465F-BD0B-1C451179A284}.AppStore|Mixed Platforms.ActiveCfg = Release|Any CPU
		{21E43C4A-7939-465F-BD0B-1C451179A284}.AppStore|Mixed Platforms.Build.0 = Release|Any CPU
		{21E43C4A-7939-465F-BD0B-1C451179A284}.AppStore|Mixed Platforms.Deploy.0 = Release|Any CPU
		{21E43C4A-7939-465F-BD0B-1C451179A284}.Debug|Any CPU.ActiveCfg = Debug|Any CPU
		{21E43C4A-7939-465F-BD0B-1C451179A284}.Debug|Any CPU.Build.0 = Debug|Any CPU
		{21E43C4A-7939-465F-BD0B-1C451179A284}.Debug|Any CPU.Deploy.0 = Debug|Any CPU
		{21E43C4A-7939-465F-BD0B-1C451179A284}.Debug|iPhone.ActiveCfg = Debug|Any CPU
		{21E43C4A-7939-465F-BD0B-1C451179A284}.Debug|iPhone.Build.0 = Debug|Any CPU
		{21E43C4A-7939-465F-BD0B-1C451179A284}.Debug|iPhone.Deploy.0 = Debug|Any CPU
		{21E43C4A-7939-465F-BD0B-1C451179A284}.Debug|iPhoneSimulator.ActiveCfg = Debug|Any CPU
		{21E43C4A-7939-465F-BD0B-1C451179A284}.Debug|iPhoneSimulator.Build.0 = Debug|Any CPU
		{21E43C4A-7939-465F-BD0B-1C451179A284}.Debug|iPhoneSimulator.Deploy.0 = Debug|Any CPU
		{21E43C4A-7939-465F-BD0B-1C451179A284}.Debug|Mixed Platforms.ActiveCfg = Debug|Any CPU
		{21E43C4A-7939-465F-BD0B-1C451179A284}.Debug|Mixed Platforms.Build.0 = Debug|Any CPU
		{21E43C4A-7939-465F-BD0B-1C451179A284}.Debug|Mixed Platforms.Deploy.0 = Debug|Any CPU
		{21E43C4A-7939-465F-BD0B-1C451179A284}.Release|Any CPU.ActiveCfg = Release|Any CPU
		{21E43C4A-7939-465F-BD0B-1C451179A284}.Release|Any CPU.Build.0 = Release|Any CPU
		{21E43C4A-7939-465F-BD0B-1C451179A284}.Release|Any CPU.Deploy.0 = Release|Any CPU
		{21E43C4A-7939-465F-BD0B-1C451179A284}.Release|iPhone.ActiveCfg = Release|Any CPU
		{21E43C4A-7939-465F-BD0B-1C451179A284}.Release|iPhone.Build.0 = Release|Any CPU
		{21E43C4A-7939-465F-BD0B-1C451179A284}.Release|iPhone.Deploy.0 = Release|Any CPU
		{21E43C4A-7939-465F-BD0B-1C451179A284}.Release|iPhoneSimulator.ActiveCfg = Release|Any CPU
		{21E43C4A-7939-465F-BD0B-1C451179A284}.Release|iPhoneSimulator.Build.0 = Release|Any CPU
		{21E43C4A-7939-465F-BD0B-1C451179A284}.Release|iPhoneSimulator.Deploy.0 = Release|Any CPU
		{21E43C4A-7939-465F-BD0B-1C451179A284}.Release|Mixed Platforms.ActiveCfg = Release|Any CPU
		{21E43C4A-7939-465F-BD0B-1C451179A284}.Release|Mixed Platforms.Build.0 = Release|Any CPU
		{21E43C4A-7939-465F-BD0B-1C451179A284}.Release|Mixed Platforms.Deploy.0 = Release|Any CPU
		{67F9D3A8-F71E-4428-913F-C37AE82CDB24}.Ad-Hoc|Any CPU.ActiveCfg = Release|Any CPU
		{67F9D3A8-F71E-4428-913F-C37AE82CDB24}.Ad-Hoc|Any CPU.Build.0 = Release|Any CPU
		{67F9D3A8-F71E-4428-913F-C37AE82CDB24}.Ad-Hoc|iPhone.ActiveCfg = Release|Any CPU
		{67F9D3A8-F71E-4428-913F-C37AE82CDB24}.Ad-Hoc|iPhone.Build.0 = Release|Any CPU
		{67F9D3A8-F71E-4428-913F-C37AE82CDB24}.Ad-Hoc|iPhoneSimulator.ActiveCfg = Release|Any CPU
		{67F9D3A8-F71E-4428-913F-C37AE82CDB24}.Ad-Hoc|iPhoneSimulator.Build.0 = Release|Any CPU
		{67F9D3A8-F71E-4428-913F-C37AE82CDB24}.Ad-Hoc|Mixed Platforms.ActiveCfg = Release|Any CPU
		{67F9D3A8-F71E-4428-913F-C37AE82CDB24}.Ad-Hoc|Mixed Platforms.Build.0 = Release|Any CPU
		{67F9D3A8-F71E-4428-913F-C37AE82CDB24}.AppStore|Any CPU.ActiveCfg = Release|Any CPU
		{67F9D3A8-F71E-4428-913F-C37AE82CDB24}.AppStore|Any CPU.Build.0 = Release|Any CPU
		{67F9D3A8-F71E-4428-913F-C37AE82CDB24}.AppStore|iPhone.ActiveCfg = Release|Any CPU
		{67F9D3A8-F71E-4428-913F-C37AE82CDB24}.AppStore|iPhone.Build.0 = Release|Any CPU
		{67F9D3A8-F71E-4428-913F-C37AE82CDB24}.AppStore|iPhoneSimulator.ActiveCfg = Release|Any CPU
		{67F9D3A8-F71E-4428-913F-C37AE82CDB24}.AppStore|iPhoneSimulator.Build.0 = Release|Any CPU
		{67F9D3A8-F71E-4428-913F-C37AE82CDB24}.AppStore|Mixed Platforms.ActiveCfg = Release|Any CPU
		{67F9D3A8-F71E-4428-913F-C37AE82CDB24}.AppStore|Mixed Platforms.Build.0 = Release|Any CPU
		{67F9D3A8-F71E-4428-913F-C37AE82CDB24}.Debug|Any CPU.ActiveCfg = Debug|Any CPU
		{67F9D3A8-F71E-4428-913F-C37AE82CDB24}.Debug|Any CPU.Build.0 = Debug|Any CPU
		{67F9D3A8-F71E-4428-913F-C37AE82CDB24}.Debug|iPhone.ActiveCfg = Debug|Any CPU
		{67F9D3A8-F71E-4428-913F-C37AE82CDB24}.Debug|iPhone.Build.0 = Debug|Any CPU
		{67F9D3A8-F71E-4428-913F-C37AE82CDB24}.Debug|iPhoneSimulator.ActiveCfg = Debug|Any CPU
		{67F9D3A8-F71E-4428-913F-C37AE82CDB24}.Debug|iPhoneSimulator.Build.0 = Debug|Any CPU
		{67F9D3A8-F71E-4428-913F-C37AE82CDB24}.Debug|Mixed Platforms.ActiveCfg = Debug|Any CPU
		{67F9D3A8-F71E-4428-913F-C37AE82CDB24}.Debug|Mixed Platforms.Build.0 = Debug|Any CPU
		{67F9D3A8-F71E-4428-913F-C37AE82CDB24}.Release|Any CPU.ActiveCfg = Release|Any CPU
		{67F9D3A8-F71E-4428-913F-C37AE82CDB24}.Release|Any CPU.Build.0 = Release|Any CPU
		{67F9D3A8-F71E-4428-913F-C37AE82CDB24}.Release|iPhone.ActiveCfg = Release|Any CPU
		{67F9D3A8-F71E-4428-913F-C37AE82CDB24}.Release|iPhone.Build.0 = Release|Any CPU
		{67F9D3A8-F71E-4428-913F-C37AE82CDB24}.Release|iPhoneSimulator.ActiveCfg = Release|Any CPU
		{67F9D3A8-F71E-4428-913F-C37AE82CDB24}.Release|iPhoneSimulator.Build.0 = Release|Any CPU
		{67F9D3A8-F71E-4428-913F-C37AE82CDB24}.Release|Mixed Platforms.ActiveCfg = Release|Any CPU
		{67F9D3A8-F71E-4428-913F-C37AE82CDB24}.Release|Mixed Platforms.Build.0 = Release|Any CPU
		{F0E11E4E-A837-4A3D-9EF6-8DF833E52BAC}.Ad-Hoc|Any CPU.ActiveCfg = Release|Any CPU
		{F0E11E4E-A837-4A3D-9EF6-8DF833E52BAC}.Ad-Hoc|Any CPU.Build.0 = Release|Any CPU
		{F0E11E4E-A837-4A3D-9EF6-8DF833E52BAC}.Ad-Hoc|Any CPU.Deploy.0 = Release|Any CPU
		{F0E11E4E-A837-4A3D-9EF6-8DF833E52BAC}.Ad-Hoc|iPhone.ActiveCfg = Release|Any CPU
		{F0E11E4E-A837-4A3D-9EF6-8DF833E52BAC}.Ad-Hoc|iPhone.Build.0 = Release|Any CPU
		{F0E11E4E-A837-4A3D-9EF6-8DF833E52BAC}.Ad-Hoc|iPhone.Deploy.0 = Release|Any CPU
		{F0E11E4E-A837-4A3D-9EF6-8DF833E52BAC}.Ad-Hoc|iPhoneSimulator.ActiveCfg = Release|Any CPU
		{F0E11E4E-A837-4A3D-9EF6-8DF833E52BAC}.Ad-Hoc|iPhoneSimulator.Build.0 = Release|Any CPU
		{F0E11E4E-A837-4A3D-9EF6-8DF833E52BAC}.Ad-Hoc|iPhoneSimulator.Deploy.0 = Release|Any CPU
		{F0E11E4E-A837-4A3D-9EF6-8DF833E52BAC}.Ad-Hoc|Mixed Platforms.ActiveCfg = Release|Any CPU
		{F0E11E4E-A837-4A3D-9EF6-8DF833E52BAC}.Ad-Hoc|Mixed Platforms.Build.0 = Release|Any CPU
		{F0E11E4E-A837-4A3D-9EF6-8DF833E52BAC}.Ad-Hoc|Mixed Platforms.Deploy.0 = Release|Any CPU
		{F0E11E4E-A837-4A3D-9EF6-8DF833E52BAC}.AppStore|Any CPU.ActiveCfg = Release|Any CPU
		{F0E11E4E-A837-4A3D-9EF6-8DF833E52BAC}.AppStore|Any CPU.Build.0 = Release|Any CPU
		{F0E11E4E-A837-4A3D-9EF6-8DF833E52BAC}.AppStore|Any CPU.Deploy.0 = Release|Any CPU
		{F0E11E4E-A837-4A3D-9EF6-8DF833E52BAC}.AppStore|iPhone.ActiveCfg = Release|Any CPU
		{F0E11E4E-A837-4A3D-9EF6-8DF833E52BAC}.AppStore|iPhone.Build.0 = Release|Any CPU
		{F0E11E4E-A837-4A3D-9EF6-8DF833E52BAC}.AppStore|iPhone.Deploy.0 = Release|Any CPU
		{F0E11E4E-A837-4A3D-9EF6-8DF833E52BAC}.AppStore|iPhoneSimulator.ActiveCfg = Release|Any CPU
		{F0E11E4E-A837-4A3D-9EF6-8DF833E52BAC}.AppStore|iPhoneSimulator.Build.0 = Release|Any CPU
		{F0E11E4E-A837-4A3D-9EF6-8DF833E52BAC}.AppStore|iPhoneSimulator.Deploy.0 = Release|Any CPU
		{F0E11E4E-A837-4A3D-9EF6-8DF833E52BAC}.AppStore|Mixed Platforms.ActiveCfg = Release|Any CPU
		{F0E11E4E-A837-4A3D-9EF6-8DF833E52BAC}.AppStore|Mixed Platforms.Build.0 = Release|Any CPU
		{F0E11E4E-A837-4A3D-9EF6-8DF833E52BAC}.AppStore|Mixed Platforms.Deploy.0 = Release|Any CPU
		{F0E11E4E-A837-4A3D-9EF6-8DF833E52BAC}.Debug|Any CPU.ActiveCfg = Debug|Any CPU
		{F0E11E4E-A837-4A3D-9EF6-8DF833E52BAC}.Debug|Any CPU.Build.0 = Debug|Any CPU
		{F0E11E4E-A837-4A3D-9EF6-8DF833E52BAC}.Debug|Any CPU.Deploy.0 = Debug|Any CPU
		{F0E11E4E-A837-4A3D-9EF6-8DF833E52BAC}.Debug|iPhone.ActiveCfg = Debug|Any CPU
		{F0E11E4E-A837-4A3D-9EF6-8DF833E52BAC}.Debug|iPhone.Build.0 = Debug|Any CPU
		{F0E11E4E-A837-4A3D-9EF6-8DF833E52BAC}.Debug|iPhone.Deploy.0 = Debug|Any CPU
		{F0E11E4E-A837-4A3D-9EF6-8DF833E52BAC}.Debug|iPhoneSimulator.ActiveCfg = Debug|Any CPU
		{F0E11E4E-A837-4A3D-9EF6-8DF833E52BAC}.Debug|iPhoneSimulator.Build.0 = Debug|Any CPU
		{F0E11E4E-A837-4A3D-9EF6-8DF833E52BAC}.Debug|iPhoneSimulator.Deploy.0 = Debug|Any CPU
		{F0E11E4E-A837-4A3D-9EF6-8DF833E52BAC}.Debug|Mixed Platforms.ActiveCfg = Debug|Any CPU
		{F0E11E4E-A837-4A3D-9EF6-8DF833E52BAC}.Debug|Mixed Platforms.Build.0 = Debug|Any CPU
		{F0E11E4E-A837-4A3D-9EF6-8DF833E52BAC}.Debug|Mixed Platforms.Deploy.0 = Debug|Any CPU
		{F0E11E4E-A837-4A3D-9EF6-8DF833E52BAC}.Release|Any CPU.ActiveCfg = Release|Any CPU
		{F0E11E4E-A837-4A3D-9EF6-8DF833E52BAC}.Release|Any CPU.Build.0 = Release|Any CPU
		{F0E11E4E-A837-4A3D-9EF6-8DF833E52BAC}.Release|Any CPU.Deploy.0 = Release|Any CPU
		{F0E11E4E-A837-4A3D-9EF6-8DF833E52BAC}.Release|iPhone.ActiveCfg = Release|Any CPU
		{F0E11E4E-A837-4A3D-9EF6-8DF833E52BAC}.Release|iPhone.Build.0 = Release|Any CPU
		{F0E11E4E-A837-4A3D-9EF6-8DF833E52BAC}.Release|iPhone.Deploy.0 = Release|Any CPU
		{F0E11E4E-A837-4A3D-9EF6-8DF833E52BAC}.Release|iPhoneSimulator.ActiveCfg = Release|Any CPU
		{F0E11E4E-A837-4A3D-9EF6-8DF833E52BAC}.Release|iPhoneSimulator.Build.0 = Release|Any CPU
		{F0E11E4E-A837-4A3D-9EF6-8DF833E52BAC}.Release|iPhoneSimulator.Deploy.0 = Release|Any CPU
		{F0E11E4E-A837-4A3D-9EF6-8DF833E52BAC}.Release|Mixed Platforms.ActiveCfg = Release|Any CPU
		{F0E11E4E-A837-4A3D-9EF6-8DF833E52BAC}.Release|Mixed Platforms.Build.0 = Release|Any CPU
		{F0E11E4E-A837-4A3D-9EF6-8DF833E52BAC}.Release|Mixed Platforms.Deploy.0 = Release|Any CPU
		{222577EE-BE35-47F5-850D-2A529FCA0931}.Ad-Hoc|Any CPU.ActiveCfg = Ad-Hoc|iPhone
		{222577EE-BE35-47F5-850D-2A529FCA0931}.Ad-Hoc|iPhone.ActiveCfg = Ad-Hoc|iPhone
		{222577EE-BE35-47F5-850D-2A529FCA0931}.Ad-Hoc|iPhone.Build.0 = Ad-Hoc|iPhone
		{222577EE-BE35-47F5-850D-2A529FCA0931}.Ad-Hoc|iPhoneSimulator.ActiveCfg = Ad-Hoc|iPhoneSimulator
		{222577EE-BE35-47F5-850D-2A529FCA0931}.Ad-Hoc|iPhoneSimulator.Build.0 = Ad-Hoc|iPhoneSimulator
		{222577EE-BE35-47F5-850D-2A529FCA0931}.Ad-Hoc|Mixed Platforms.ActiveCfg = Ad-Hoc|iPhone
		{222577EE-BE35-47F5-850D-2A529FCA0931}.Ad-Hoc|Mixed Platforms.Build.0 = Ad-Hoc|iPhone
		{222577EE-BE35-47F5-850D-2A529FCA0931}.AppStore|Any CPU.ActiveCfg = AppStore|iPhone
		{222577EE-BE35-47F5-850D-2A529FCA0931}.AppStore|iPhone.ActiveCfg = AppStore|iPhone
		{222577EE-BE35-47F5-850D-2A529FCA0931}.AppStore|iPhone.Build.0 = AppStore|iPhone
		{222577EE-BE35-47F5-850D-2A529FCA0931}.AppStore|iPhoneSimulator.ActiveCfg = AppStore|iPhoneSimulator
		{222577EE-BE35-47F5-850D-2A529FCA0931}.AppStore|iPhoneSimulator.Build.0 = AppStore|iPhoneSimulator
		{222577EE-BE35-47F5-850D-2A529FCA0931}.AppStore|Mixed Platforms.ActiveCfg = AppStore|iPhone
		{222577EE-BE35-47F5-850D-2A529FCA0931}.AppStore|Mixed Platforms.Build.0 = AppStore|iPhone
		{222577EE-BE35-47F5-850D-2A529FCA0931}.Debug|Any CPU.ActiveCfg = Debug|iPhone
		{222577EE-BE35-47F5-850D-2A529FCA0931}.Debug|iPhone.ActiveCfg = Debug|iPhone
		{222577EE-BE35-47F5-850D-2A529FCA0931}.Debug|iPhone.Build.0 = Debug|iPhone
		{222577EE-BE35-47F5-850D-2A529FCA0931}.Debug|iPhoneSimulator.ActiveCfg = Debug|iPhoneSimulator
		{222577EE-BE35-47F5-850D-2A529FCA0931}.Debug|iPhoneSimulator.Build.0 = Debug|iPhoneSimulator
		{222577EE-BE35-47F5-850D-2A529FCA0931}.Debug|Mixed Platforms.ActiveCfg = Debug|iPhone
		{222577EE-BE35-47F5-850D-2A529FCA0931}.Debug|Mixed Platforms.Build.0 = Debug|iPhone
		{222577EE-BE35-47F5-850D-2A529FCA0931}.Release|Any CPU.ActiveCfg = Release|iPhone
		{222577EE-BE35-47F5-850D-2A529FCA0931}.Release|iPhone.ActiveCfg = Release|iPhone
		{222577EE-BE35-47F5-850D-2A529FCA0931}.Release|iPhone.Build.0 = Release|iPhone
		{222577EE-BE35-47F5-850D-2A529FCA0931}.Release|iPhoneSimulator.ActiveCfg = Release|iPhoneSimulator
		{222577EE-BE35-47F5-850D-2A529FCA0931}.Release|iPhoneSimulator.Build.0 = Release|iPhoneSimulator
		{222577EE-BE35-47F5-850D-2A529FCA0931}.Release|Mixed Platforms.ActiveCfg = Release|iPhone
		{222577EE-BE35-47F5-850D-2A529FCA0931}.Release|Mixed Platforms.Build.0 = Release|iPhone
	EndGlobalSection
	GlobalSection(SolutionProperties) = preSolution
		HideSolutionNode = FALSE
	EndGlobalSection
EndGlobal
