
Microsoft Visual Studio Solution File, Format Version 12.00
# Visual Studio 2013
VisualStudioVersion = 12.0.40629.0
MinimumVisualStudioVersion = 10.0.40219.1
Project("{FAE04EC0-301F-11D3-BF4B-00C04F79EFBC}") = "Proyecto42", "Proyecto42\Proyecto42.csproj", "{24578F98-EF01-40A3-9DBF-09BF6D2DF172}"
EndProject
Project("{FAE04EC0-301F-11D3-BF4B-00C04F79EFBC}") = "InterfazDesktop", "InterfazDesktop\InterfazDesktop.csproj", "{0D49C9FC-C31E-4C7C-A14E-00739DA1C357}"
EndProject
Project("{FAE04EC0-301F-11D3-BF4B-00C04F79EFBC}") = "Wiri", "Wiri\Wiri.csproj", "{C79DA343-67A4-42AB-AC0A-75245C43D165}"
EndProject
Global
	GlobalSection(SolutionConfigurationPlatforms) = preSolution
		Ad-Hoc|Any CPU = Ad-Hoc|Any CPU
		Ad-Hoc|iPhone = Ad-Hoc|iPhone
		Ad-Hoc|iPhoneSimulator = Ad-Hoc|iPhoneSimulator
		Ad-Hoc|Mixed Platforms = Ad-Hoc|Mixed Platforms
		AppStore|Any CPU = AppStore|Any CPU
		AppStore|iPhone = AppStore|iPhone
		AppStore|iPhoneSimulator = AppStore|iPhoneSimulator
		AppStore|Mixed Platforms = AppStore|Mixed Platforms
		Debug|Any CPU = Debug|Any CPU
		Debug|iPhone = Debug|iPhone
		Debug|iPhoneSimulator = Debug|iPhoneSimulator
		Debug|Mixed Platforms = Debug|Mixed Platforms
		Release|Any CPU = Release|Any CPU
		Release|iPhone = Release|iPhone
		Release|iPhoneSimulator = Release|iPhoneSimulator
		Release|Mixed Platforms = Release|Mixed Platforms
	EndGlobalSection
	GlobalSection(ProjectConfigurationPlatforms) = postSolution
		{24578F98-EF01-40A3-9DBF-09BF6D2DF172}.Ad-Hoc|Any CPU.ActiveCfg = Release|Any CPU
		{24578F98-EF01-40A3-9DBF-09BF6D2DF172}.Ad-Hoc|Any CPU.Build.0 = Release|Any CPU
		{24578F98-EF01-40A3-9DBF-09BF6D2DF172}.Ad-Hoc|Any CPU.Deploy.0 = Release|Any CPU
		{24578F98-EF01-40A3-9DBF-09BF6D2DF172}.Ad-Hoc|iPhone.ActiveCfg = Release|Any CPU
		{24578F98-EF01-40A3-9DBF-09BF6D2DF172}.Ad-Hoc|iPhoneSimulator.ActiveCfg = Release|Any CPU
		{24578F98-EF01-40A3-9DBF-09BF6D2DF172}.Ad-Hoc|Mixed Platforms.ActiveCfg = Release|Any CPU
		{24578F98-EF01-40A3-9DBF-09BF6D2DF172}.Ad-Hoc|Mixed Platforms.Build.0 = Release|Any CPU
		{24578F98-EF01-40A3-9DBF-09BF6D2DF172}.Ad-Hoc|Mixed Platforms.Deploy.0 = Release|Any CPU
		{24578F98-EF01-40A3-9DBF-09BF6D2DF172}.AppStore|Any CPU.ActiveCfg = Release|Any CPU
		{24578F98-EF01-40A3-9DBF-09BF6D2DF172}.AppStore|Any CPU.Build.0 = Release|Any CPU
		{24578F98-EF01-40A3-9DBF-09BF6D2DF172}.AppStore|Any CPU.Deploy.0 = Release|Any CPU
		{24578F98-EF01-40A3-9DBF-09BF6D2DF172}.AppStore|iPhone.ActiveCfg = Release|Any CPU
		{24578F98-EF01-40A3-9DBF-09BF6D2DF172}.AppStore|iPhoneSimulator.ActiveCfg = Release|Any CPU
		{24578F98-EF01-40A3-9DBF-09BF6D2DF172}.AppStore|Mixed Platforms.ActiveCfg = Release|Any CPU
		{24578F98-EF01-40A3-9DBF-09BF6D2DF172}.AppStore|Mixed Platforms.Build.0 = Release|Any CPU
		{24578F98-EF01-40A3-9DBF-09BF6D2DF172}.AppStore|Mixed Platforms.Deploy.0 = Release|Any CPU
		{24578F98-EF01-40A3-9DBF-09BF6D2DF172}.Debug|Any CPU.ActiveCfg = Debug|Any CPU
		{24578F98-EF01-40A3-9DBF-09BF6D2DF172}.Debug|Any CPU.Build.0 = Debug|Any CPU
		{24578F98-EF01-40A3-9DBF-09BF6D2DF172}.Debug|Any CPU.Deploy.0 = Debug|Any CPU
		{24578F98-EF01-40A3-9DBF-09BF6D2DF172}.Debug|iPhone.ActiveCfg = Debug|Any CPU
		{24578F98-EF01-40A3-9DBF-09BF6D2DF172}.Debug|iPhoneSimulator.ActiveCfg = Debug|Any CPU
		{24578F98-EF01-40A3-9DBF-09BF6D2DF172}.Debug|Mixed Platforms.ActiveCfg = Debug|Any CPU
		{24578F98-EF01-40A3-9DBF-09BF6D2DF172}.Debug|Mixed Platforms.Build.0 = Debug|Any CPU
		{24578F98-EF01-40A3-9DBF-09BF6D2DF172}.Debug|Mixed Platforms.Deploy.0 = Debug|Any CPU
		{24578F98-EF01-40A3-9DBF-09BF6D2DF172}.Release|Any CPU.ActiveCfg = Release|Any CPU
		{24578F98-EF01-40A3-9DBF-09BF6D2DF172}.Release|Any CPU.Build.0 = Release|Any CPU
		{24578F98-EF01-40A3-9DBF-09BF6D2DF172}.Release|Any CPU.Deploy.0 = Release|Any CPU
		{24578F98-EF01-40A3-9DBF-09BF6D2DF172}.Release|iPhone.ActiveCfg = Release|Any CPU
		{24578F98-EF01-40A3-9DBF-09BF6D2DF172}.Release|iPhoneSimulator.ActiveCfg = Release|Any CPU
		{24578F98-EF01-40A3-9DBF-09BF6D2DF172}.Release|Mixed Platforms.ActiveCfg = Release|Any CPU
		{24578F98-EF01-40A3-9DBF-09BF6D2DF172}.Release|Mixed Platforms.Build.0 = Release|Any CPU
		{24578F98-EF01-40A3-9DBF-09BF6D2DF172}.Release|Mixed Platforms.Deploy.0 = Release|Any CPU
		{0D49C9FC-C31E-4C7C-A14E-00739DA1C357}.Ad-Hoc|Any CPU.ActiveCfg = Release|Any CPU
		{0D49C9FC-C31E-4C7C-A14E-00739DA1C357}.Ad-Hoc|Any CPU.Build.0 = Release|Any CPU
		{0D49C9FC-C31E-4C7C-A14E-00739DA1C357}.Ad-Hoc|iPhone.ActiveCfg = Release|Any CPU
		{0D49C9FC-C31E-4C7C-A14E-00739DA1C357}.Ad-Hoc|iPhoneSimulator.ActiveCfg = Release|Any CPU
		{0D49C9FC-C31E-4C7C-A14E-00739DA1C357}.Ad-Hoc|Mixed Platforms.ActiveCfg = Release|Any CPU
		{0D49C9FC-C31E-4C7C-A14E-00739DA1C357}.Ad-Hoc|Mixed Platforms.Build.0 = Release|Any CPU
		{0D49C9FC-C31E-4C7C-A14E-00739DA1C357}.AppStore|Any CPU.ActiveCfg = Release|Any CPU
		{0D49C9FC-C31E-4C7C-A14E-00739DA1C357}.AppStore|Any CPU.Build.0 = Release|Any CPU
		{0D49C9FC-C31E-4C7C-A14E-00739DA1C357}.AppStore|iPhone.ActiveCfg = Release|Any CPU
		{0D49C9FC-C31E-4C7C-A14E-00739DA1C357}.AppStore|iPhoneSimulator.ActiveCfg = Release|Any CPU
		{0D49C9FC-C31E-4C7C-A14E-00739DA1C357}.AppStore|Mixed Platforms.ActiveCfg = Release|Any CPU
		{0D49C9FC-C31E-4C7C-A14E-00739DA1C357}.AppStore|Mixed Platforms.Build.0 = Release|Any CPU
		{0D49C9FC-C31E-4C7C-A14E-00739DA1C357}.Debug|Any CPU.ActiveCfg = Debug|Any CPU
		{0D49C9FC-C31E-4C7C-A14E-00739DA1C357}.Debug|Any CPU.Build.0 = Debug|Any CPU
		{0D49C9FC-C31E-4C7C-A14E-00739DA1C357}.Debug|iPhone.ActiveCfg = Debug|Any CPU
		{0D49C9FC-C31E-4C7C-A14E-00739DA1C357}.Debug|iPhoneSimulator.ActiveCfg = Debug|Any CPU
		{0D49C9FC-C31E-4C7C-A14E-00739DA1C357}.Debug|Mixed Platforms.ActiveCfg = Debug|Any CPU
		{0D49C9FC-C31E-4C7C-A14E-00739DA1C357}.Debug|Mixed Platforms.Build.0 = Debug|Any CPU
		{0D49C9FC-C31E-4C7C-A14E-00739DA1C357}.Release|Any CPU.ActiveCfg = Release|Any CPU
		{0D49C9FC-C31E-4C7C-A14E-00739DA1C357}.Release|Any CPU.Build.0 = Release|Any CPU
		{0D49C9FC-C31E-4C7C-A14E-00739DA1C357}.Release|iPhone.ActiveCfg = Release|Any CPU
		{0D49C9FC-C31E-4C7C-A14E-00739DA1C357}.Release|iPhoneSimulator.ActiveCfg = Release|Any CPU
		{0D49C9FC-C31E-4C7C-A14E-00739DA1C357}.Release|Mixed Platforms.ActiveCfg = Release|Any CPU
		{0D49C9FC-C31E-4C7C-A14E-00739DA1C357}.Release|Mixed Platforms.Build.0 = Release|Any CPU
		{C79DA343-67A4-42AB-AC0A-75245C43D165}.Ad-Hoc|Any CPU.ActiveCfg = Release|Any CPU
		{C79DA343-67A4-42AB-AC0A-75245C43D165}.Ad-Hoc|Any CPU.Build.0 = Release|Any CPU
		{C79DA343-67A4-42AB-AC0A-75245C43D165}.Ad-Hoc|iPhone.ActiveCfg = Release|Any CPU
		{C79DA343-67A4-42AB-AC0A-75245C43D165}.Ad-Hoc|iPhoneSimulator.ActiveCfg = Release|Any CPU
		{C79DA343-67A4-42AB-AC0A-75245C43D165}.Ad-Hoc|Mixed Platforms.ActiveCfg = Release|Any CPU
		{C79DA343-67A4-42AB-AC0A-75245C43D165}.Ad-Hoc|Mixed Platforms.Build.0 = Release|Any CPU
		{C79DA343-67A4-42AB-AC0A-75245C43D165}.AppStore|Any CPU.ActiveCfg = Release|Any CPU
		{C79DA343-67A4-42AB-AC0A-75245C43D165}.AppStore|Any CPU.Build.0 = Release|Any CPU
		{C79DA343-67A4-42AB-AC0A-75245C43D165}.AppStore|iPhone.ActiveCfg = Release|Any CPU
		{C79DA343-67A4-42AB-AC0A-75245C43D165}.AppStore|iPhoneSimulator.ActiveCfg = Release|Any CPU
		{C79DA343-67A4-42AB-AC0A-75245C43D165}.AppStore|Mixed Platforms.ActiveCfg = Release|Any CPU
		{C79DA343-67A4-42AB-AC0A-75245C43D165}.AppStore|Mixed Platforms.Build.0 = Release|Any CPU
		{C79DA343-67A4-42AB-AC0A-75245C43D165}.Debug|Any CPU.ActiveCfg = Debug|Any CPU
		{C79DA343-67A4-42AB-AC0A-75245C43D165}.Debug|Any CPU.Build.0 = Debug|Any CPU
		{C79DA343-67A4-42AB-AC0A-75245C43D165}.Debug|iPhone.ActiveCfg = Debug|Any CPU
		{C79DA343-67A4-42AB-AC0A-75245C43D165}.Debug|iPhoneSimulator.ActiveCfg = Debug|Any CPU
		{C79DA343-67A4-42AB-AC0A-75245C43D165}.Debug|Mixed Platforms.ActiveCfg = Debug|Any CPU
		{C79DA343-67A4-42AB-AC0A-75245C43D165}.Debug|Mixed Platforms.Build.0 = Debug|Any CPU
		{C79DA343-67A4-42AB-AC0A-75245C43D165}.Release|Any CPU.ActiveCfg = Release|Any CPU
		{C79DA343-67A4-42AB-AC0A-75245C43D165}.Release|Any CPU.Build.0 = Release|Any CPU
		{C79DA343-67A4-42AB-AC0A-75245C43D165}.Release|iPhone.ActiveCfg = Release|Any CPU
		{C79DA343-67A4-42AB-AC0A-75245C43D165}.Release|iPhoneSimulator.ActiveCfg = Release|Any CPU
		{C79DA343-67A4-42AB-AC0A-75245C43D165}.Release|Mixed Platforms.ActiveCfg = Release|Any CPU
		{C79DA343-67A4-42AB-AC0A-75245C43D165}.Release|Mixed Platforms.Build.0 = Release|Any CPU
	EndGlobalSection
	GlobalSection(SolutionProperties) = preSolution
		HideSolutionNode = FALSE
	EndGlobalSection
EndGlobal
